
Microsoft Visual Studio Solution File, Format Version 12.00
# Visual Studio Version 16
VisualStudioVersion = 16.0.30309.148
MinimumVisualStudioVersion = 10.0.40219.1
Project("{FAE04EC0-301F-11D3-BF4B-00C04F79EFBC}") = "Test_001", "Test_001\Test_001.csproj", "{E674DD0B-5CD5-4206-9506-69E0A61F71EC}"
EndProject
Global
	GlobalSection(SolutionConfigurationPlatforms) = preSolution
		Debug|Any CPU = Debug|Any CPU
		Release|Any CPU = Release|Any CPU
	EndGlobalSection
	GlobalSection(ProjectConfigurationPlatforms) = postSolution
		{E674DD0B-5CD5-4206-9506-69E0A61F71EC}.Debug|Any CPU.ActiveCfg = Debug|Any CPU
		{E674DD0B-5CD5-4206-9506-69E0A61F71EC}.Debug|Any CPU.Build.0 = Debug|Any CPU
		{E674DD0B-5CD5-4206-9506-69E0A61F71EC}.Release|Any CPU.ActiveCfg = Release|Any CPU
		{E674DD0B-5CD5-4206-9506-69E0A61F71EC}.Release|Any CPU.Build.0 = Release|Any CPU
	EndGlobalSection
	GlobalSection(SolutionProperties) = preSolution
		HideSolutionNode = FALSE
	EndGlobalSection
	GlobalSection(ExtensibilityGlobals) = postSolution
		SolutionGuid = {262B9E6C-22A3-4ED7-9B25-CE340BCD71D8}
	EndGlobalSection
EndGlobal
